
Microsoft Visual Studio Solution File, Format Version 12.00
# Visual Studio Version 16
VisualStudioVersion = 16.0.30128.74
MinimumVisualStudioVersion = 10.0.40219.1
Project("{FAE04EC0-301F-11D3-BF4B-00C04F79EFBC}") = "ThreadSort", "ThreadSort\ThreadSort.csproj", "{D4BD59DD-0DC0-4EDE-B2DD-763C75490A39}"
EndProject
Global
	GlobalSection(SolutionConfigurationPlatforms) = preSolution
		Debug|Any CPU = Debug|Any CPU
		Release|Any CPU = Release|Any CPU
	EndGlobalSection
	GlobalSection(ProjectConfigurationPlatforms) = postSolution
		{D4BD59DD-0DC0-4EDE-B2DD-763C75490A39}.Debug|Any CPU.ActiveCfg = Debug|Any CPU
		{D4BD59DD-0DC0-4EDE-B2DD-763C75490A39}.Debug|Any CPU.Build.0 = Debug|Any CPU
		{D4BD59DD-0DC0-4EDE-B2DD-763C75490A39}.Release|Any CPU.ActiveCfg = Release|Any CPU
		{D4BD59DD-0DC0-4EDE-B2DD-763C75490A39}.Release|Any CPU.Build.0 = Release|Any CPU
	EndGlobalSection
	GlobalSection(SolutionProperties) = preSolution
		HideSolutionNode = FALSE
	EndGlobalSection
	GlobalSection(ExtensibilityGlobals) = postSolution
		SolutionGuid = {89C3EF09-9528-458F-901D-22887CD3665C}
	EndGlobalSection
EndGlobal
